
Microsoft Visual Studio Solution File, Format Version 12.00
# Visual Studio 15
VisualStudioVersion = 15.0.27703.2035
MinimumVisualStudioVersion = 10.0.40219.1
Project("{FAE04EC0-301F-11D3-BF4B-00C04F79EFBC}") = "CognitiveService", "CognitiveService\CognitiveService.csproj", "{77202693-8136-46DB-AAFE-496CD04FC9D4}"
EndProject
Project("{FAE04EC0-301F-11D3-BF4B-00C04F79EFBC}") = "Bing", "BingResource\Bing.csproj", "{C8AA24B1-268C-4615-9BEC-AEAC2A74DF72}"
EndProject
Project("{FAE04EC0-301F-11D3-BF4B-00C04F79EFBC}") = "AzureSearch", "AzureSearch\AzureSearch.csproj", "{D332337A-5418-4BC4-B191-11EE31F16520}"
EndProject
Global
	GlobalSection(SolutionConfigurationPlatforms) = preSolution
		Debug|Any CPU = Debug|Any CPU
		Release|Any CPU = Release|Any CPU
	EndGlobalSection
	GlobalSection(ProjectConfigurationPlatforms) = postSolution
		{77202693-8136-46DB-AAFE-496CD04FC9D4}.Debug|Any CPU.ActiveCfg = Debug|Any CPU
		{77202693-8136-46DB-AAFE-496CD04FC9D4}.Debug|Any CPU.Build.0 = Debug|Any CPU
		{77202693-8136-46DB-AAFE-496CD04FC9D4}.Release|Any CPU.ActiveCfg = Release|Any CPU
		{77202693-8136-46DB-AAFE-496CD04FC9D4}.Release|Any CPU.Build.0 = Release|Any CPU
		{C8AA24B1-268C-4615-9BEC-AEAC2A74DF72}.Debug|Any CPU.ActiveCfg = Debug|Any CPU
		{C8AA24B1-268C-4615-9BEC-AEAC2A74DF72}.Debug|Any CPU.Build.0 = Debug|Any CPU
		{C8AA24B1-268C-4615-9BEC-AEAC2A74DF72}.Release|Any CPU.ActiveCfg = Release|Any CPU
		{C8AA24B1-268C-4615-9BEC-AEAC2A74DF72}.Release|Any CPU.Build.0 = Release|Any CPU
		{D332337A-5418-4BC4-B191-11EE31F16520}.Debug|Any CPU.ActiveCfg = Debug|Any CPU
		{D332337A-5418-4BC4-B191-11EE31F16520}.Debug|Any CPU.Build.0 = Debug|Any CPU
		{D332337A-5418-4BC4-B191-11EE31F16520}.Release|Any CPU.ActiveCfg = Release|Any CPU
		{D332337A-5418-4BC4-B191-11EE31F16520}.Release|Any CPU.Build.0 = Release|Any CPU
	EndGlobalSection
	GlobalSection(SolutionProperties) = preSolution
		HideSolutionNode = FALSE
	EndGlobalSection
	GlobalSection(ExtensibilityGlobals) = postSolution
		SolutionGuid = {340732C6-EC42-44C4-A3C8-AC9F06B31CE1}
	EndGlobalSection
EndGlobal
